<?xml version="1.0" encoding="utf-8"?>
<Project ToolsVersion="4.0" xmlns="http://schemas.microsoft.com/developer/msbuild/2003">
  <ItemGroup>
    <Filter Include="Source Files">
      <UniqueIdentifier>{4FC737F1-C7A5-4376-A066-2A32D752A2FF}</UniqueIdentifier>
      <Extensions>cpp;c;cc;cxx;def;odl;idl;hpj;bat;asm;asmx</Extensions>
    </Filter>
    <Filter Include="Header Files">
      <UniqueIdentifier>{93995380-89BD-4b04-88EB-625FBE52EBFB}</UniqueIdentifier>
      <Extensions>h;hh;hpp;hxx;hm;inl;inc;xsd</Extensions>
    </Filter>
    <Filter Include="Resource Files">
      <UniqueIdentifier>{67DA6AB6-F800-4c08-8B7A-83BB121AAD01}</UniqueIdentifier>
      <Extensions>rc;ico;cur;bmp;dlg;rc2;rct;bin;rgs;gif;jpg;jpeg;jpe;resx;tiff;tif;png;wav;mfcribbon-ms</Extensions>
    </Filter>
    <Filter Include="Source Files\IPAN">
      <UniqueIdentifier>{ab344165-0c8e-43d3-9334-562bc5757fd2}</UniqueIdentifier>
    </Filter>
    <Filter Include="Header Files\IPAN">
      <UniqueIdentifier>{10761f77-c189-4a4d-bdb1-9f2550883931}</UniqueIdentifier>
    </Filter>
    <Filter Include="Source Files\Tests">
      <UniqueIdentifier>{700e2188-cbe0-4c99-b9d5-ce18d78e3352}</UniqueIdentifier>
    </Filter>
    <Filter Include="Header Files\Tests">
      <UniqueIdentifier>{dccb5580-b9a0-431b-ae73-32b4a754e5e7}</UniqueIdentifier>
    </Filter>
    <Filter Include="Source Files\Segmentation_Tests">
      <UniqueIdentifier>{7ba08a05-bc51-427d-8f5b-612ad8618bc1}</UniqueIdentifier>
    </Filter>
    <Filter Include="Header Files\Segmentation_Tests">
      <UniqueIdentifier>{7ae939b9-6a2e-4bd4-913d-60badc8b2056}</UniqueIdentifier>
    </Filter>
    <Filter Include="Source Files\Data_Structures">
      <UniqueIdentifier>{80412e69-dc0d-473d-ab50-72f1a5a62e2d}</UniqueIdentifier>
    </Filter>
    <Filter Include="Header Files\Data_Structures">
      <UniqueIdentifier>{c4205fd6-21fc-4ca0-8cd6-25a692382252}</UniqueIdentifier>
    </Filter>
  </ItemGroup>
  <ItemGroup>
    <ClCompile Include="auxiliary.cpp">
      <Filter>Source Files</Filter>
    </ClCompile>
    <ClCompile Include="ipan.cpp">
      <Filter>Source Files\IPAN</Filter>
    </ClCompile>
    <ClCompile Include="ipanPoint.cpp">
      <Filter>Source Files\IPAN</Filter>
    </ClCompile>
    <ClCompile Include="ipanTriangle.cpp">
      <Filter>Source Files\IPAN</Filter>
    </ClCompile>
    <ClCompile Include="main.cpp">
      <Filter>Source Files</Filter>
    </ClCompile>
    <ClCompile Include="SegmentationTest.cpp">
      <Filter>Source Files\Tests</Filter>
    </ClCompile>
    <ClCompile Include="GMM.cpp">
      <Filter>Source Files\Segmentation_Tests</Filter>
    </ClCompile>
    <ClCompile Include="Otsu.cpp">
      <Filter>Source Files\Segmentation_Tests</Filter>
    </ClCompile>
    <ClCompile Include="Kmeans.cpp">
      <Filter>Source Files\Segmentation_Tests</Filter>
    </ClCompile>
    <ClCompile Include="edge.cpp">
      <Filter>Source Files\Segmentation_Tests</Filter>
    </ClCompile>
    <ClCompile Include="activeContour.cpp">
      <Filter>Source Files\Segmentation_Tests</Filter>
    </ClCompile>
    <ClCompile Include="graphCut.cpp">
      <Filter>Source Files\Segmentation_Tests</Filter>
    </ClCompile>
    <ClCompile Include="interpolation.cpp">
      <Filter>Source Files</Filter>
    </ClCompile>
    <ClCompile Include="elasticDeformation.cpp">
      <Filter>Source Files</Filter>
    </ClCompile>
    <ClCompile Include="extractSamples.cpp">
      <Filter>Source Files</Filter>
    </ClCompile>
  </ItemGroup>
  <ItemGroup>
    <ClInclude Include="auxiliary.hpp">
      <Filter>Header Files</Filter>
    </ClInclude>
    <ClInclude Include="ipan.hpp">
      <Filter>Header Files\IPAN</Filter>
    </ClInclude>
    <ClInclude Include="ipanPoint.hpp">
      <Filter>Header Files\IPAN</Filter>
    </ClInclude>
    <ClInclude Include="ipanTriangle.hpp">
      <Filter>Header Files\IPAN</Filter>
    </ClInclude>
    <ClInclude Include="ipanTest.hpp">
      <Filter>Header Files\Tests</Filter>
    </ClInclude>
    <ClInclude Include="SegmentationTest.hpp">
      <Filter>Header Files\Tests</Filter>
    </ClInclude>
    <ClInclude Include="Otsu.hpp">
      <Filter>Header Files\Segmentation_Tests</Filter>
    </ClInclude>
    <ClInclude Include="GMM.hpp">
      <Filter>Header Files\Segmentation_Tests</Filter>
    </ClInclude>
    <ClInclude Include="Kmeans.hpp">
      <Filter>Header Files\Segmentation_Tests</Filter>
    </ClInclude>
    <ClInclude Include="edge.hpp">
      <Filter>Header Files\Segmentation_Tests</Filter>
    </ClInclude>
    <ClInclude Include="ActiveContour.hpp">
      <Filter>Header Files\Segmentation_Tests</Filter>
    </ClInclude>
    <ClInclude Include="graphCut.hpp">
      <Filter>Header Files\Segmentation_Tests</Filter>
    </ClInclude>
    <ClInclude Include="interpolation.hpp">
      <Filter>Header Files</Filter>
    </ClInclude>
    <ClInclude Include="ElasticDeformation.hpp">
      <Filter>Header Files</Filter>
    </ClInclude>
    <ClInclude Include="extractSamples.hpp">
      <Filter>Header Files</Filter>
    </ClInclude>
  </ItemGroup>
</Project>